// !$*UTF8*$!
{
	archiveVersion = 1;
	classes = {
	};
	objectVersion = 50;
	objects = {

/* Begin PBXBuildFile section */
		7910D6DF238C35B600FBD80C /* BLReminderViewController.m in Sources */ = {isa = PBXBuildFile; fileRef = 7910D6DD238C35B600FBD80C /* BLReminderViewController.m */; };
		7910D6E0238C35B600FBD80C /* BLReminderViewController.xib in Resources */ = {isa = PBXBuildFile; fileRef = 7910D6DE238C35B600FBD80C /* BLReminderViewController.xib */; };
		7910D6E3238D7BF200FBD80C /* QuizViewController.m in Sources */ = {isa = PBXBuildFile; fileRef = 7910D6E2238D7BF200FBD80C /* QuizViewController.m */; };
		7910D6E5238D7BF600FBD80C /* QuizViewController.xib in Resources */ = {isa = PBXBuildFile; fileRef = 7910D6E4238D7BF600FBD80C /* QuizViewController.xib */; };
		79F46EC023858EF70085271F /* AppDelegate.m in Sources */ = {isa = PBXBuildFile; fileRef = 79F46EBF23858EF70085271F /* AppDelegate.m */; };
		79F46EC323858EF70085271F /* ViewController.m in Sources */ = {isa = PBXBuildFile; fileRef = 79F46EC223858EF70085271F /* ViewController.m */; };
		79F46EC623858EF70085271F /* Main.storyboard in Resources */ = {isa = PBXBuildFile; fileRef = 79F46EC423858EF70085271F /* Main.storyboard */; };
		79F46EC823858EF80085271F /* Assets.xcassets in Resources */ = {isa = PBXBuildFile; fileRef = 79F46EC723858EF80085271F /* Assets.xcassets */; };
		79F46ECB23858EF80085271F /* LaunchScreen.storyboard in Resources */ = {isa = PBXBuildFile; fileRef = 79F46EC923858EF80085271F /* LaunchScreen.storyboard */; };
		79F46ECE23858EF80085271F /* main.m in Sources */ = {isa = PBXBuildFile; fileRef = 79F46ECD23858EF80085271F /* main.m */; };
		79F46ED823858EF80085271F /* HypnosisterUITests.m in Sources */ = {isa = PBXBuildFile; fileRef = 79F46ED723858EF80085271F /* HypnosisterUITests.m */; };
		79F46EE4238592100085271F /* BLHypnosisView.m in Sources */ = {isa = PBXBuildFile; fileRef = 79F46EE3238592100085271F /* BLHypnosisView.m */; };
/* End PBXBuildFile section */

/* Begin PBXContainerItemProxy section */
		79F46ED423858EF80085271F /* PBXContainerItemProxy */ = {
			isa = PBXContainerItemProxy;
			containerPortal = 79F46EB323858EF70085271F /* Project object */;
			proxyType = 1;
			remoteGlobalIDString = 79F46EBA23858EF70085271F;
			remoteInfo = Hypnosister;
		};
/* End PBXContainerItemProxy section */

/* Begin PBXFileReference section */
		7910D6DC238C35B600FBD80C /* BLReminderViewController.h */ = {isa = PBXFileReference; lastKnownFileType = sourcecode.c.h; path = BLReminderViewController.h; sourceTree = "<group>"; };
		7910D6DD238C35B600FBD80C /* BLReminderViewController.m */ = {isa = PBXFileReference; lastKnownFileType = sourcecode.c.objc; path = BLReminderViewController.m; sourceTree = "<group>"; };
		7910D6DE238C35B600FBD80C /* BLReminderViewController.xib */ = {isa = PBXFileReference; lastKnownFileType = file.xib; path = BLReminderViewController.xib; sourceTree = "<group>"; };
		7910D6E1238D7BED00FBD80C /* QuizViewController.h */ = {isa = PBXFileReference; fileEncoding = 4; lastKnownFileType = sourcecode.c.h; path = QuizViewController.h; sourceTree = "<group>"; };
		7910D6E2238D7BF200FBD80C /* QuizViewController.m */ = {isa = PBXFileReference; fileEncoding = 4; lastKnownFileType = sourcecode.c.objc; path = QuizViewController.m; sourceTree = "<group>"; };
		7910D6E4238D7BF600FBD80C /* QuizViewController.xib */ = {isa = PBXFileReference; fileEncoding = 4; lastKnownFileType = file.xib; path = QuizViewController.xib; sourceTree = "<group>"; };
		79F46EBB23858EF70085271F /* Hypnosister.app */ = {isa = PBXFileReference; explicitFileType = wrapper.application; includeInIndex = 0; path = Hypnosister.app; sourceTree = BUILT_PRODUCTS_DIR; };
		79F46EBE23858EF70085271F /* AppDelegate.h */ = {isa = PBXFileReference; lastKnownFileType = sourcecode.c.h; path = AppDelegate.h; sourceTree = "<group>"; };
		79F46EBF23858EF70085271F /* AppDelegate.m */ = {isa = PBXFileReference; lastKnownFileType = sourcecode.c.objc; path = AppDelegate.m; sourceTree = "<group>"; };
		79F46EC123858EF70085271F /* ViewController.h */ = {isa = PBXFileReference; lastKnownFileType = sourcecode.c.h; path = ViewController.h; sourceTree = "<group>"; };
		79F46EC223858EF70085271F /* ViewController.m */ = {isa = PBXFileReference; lastKnownFileType = sourcecode.c.objc; path = ViewController.m; sourceTree = "<group>"; };
		79F46EC523858EF70085271F /* Base */ = {isa = PBXFileReference; lastKnownFileType = file.storyboard; name = Base; path = Base.lproj/Main.storyboard; sourceTree = "<group>"; };
		79F46EC723858EF80085271F /* Assets.xcassets */ = {isa = PBXFileReference; lastKnownFileType = folder.assetcatalog; path = Assets.xcassets; sourceTree = "<group>"; };
		79F46ECA23858EF80085271F /* Base */ = {isa = PBXFileReference; lastKnownFileType = file.storyboard; name = Base; path = Base.lproj/LaunchScreen.storyboard; sourceTree = "<group>"; };
		79F46ECC23858EF80085271F /* Info.plist */ = {isa = PBXFileReference; lastKnownFileType = text.plist.xml; path = Info.plist; sourceTree = "<group>"; };
		79F46ECD23858EF80085271F /* main.m */ = {isa = PBXFileReference; lastKnownFileType = sourcecode.c.objc; path = main.m; sourceTree = "<group>"; };
		79F46ED323858EF80085271F /* HypnosisterUITests.xctest */ = {isa = PBXFileReference; explicitFileType = wrapper.cfbundle; includeInIndex = 0; path = HypnosisterUITests.xctest; sourceTree = BUILT_PRODUCTS_DIR; };
		79F46ED723858EF80085271F /* HypnosisterUITests.m */ = {isa = PBXFileReference; lastKnownFileType = sourcecode.c.objc; path = HypnosisterUITests.m; sourceTree = "<group>"; };
		79F46ED923858EF80085271F /* Info.plist */ = {isa = PBXFileReference; lastKnownFileType = text.plist.xml; path = Info.plist; sourceTree = "<group>"; };
		79F46EE2238592100085271F /* BLHypnosisView.h */ = {isa = PBXFileReference; lastKnownFileType = sourcecode.c.h; path = BLHypnosisView.h; sourceTree = "<group>"; };
		79F46EE3238592100085271F /* BLHypnosisView.m */ = {isa = PBXFileReference; lastKnownFileType = sourcecode.c.objc; path = BLHypnosisView.m; sourceTree = "<group>"; };
/* End PBXFileReference section */

/* Begin PBXFrameworksBuildPhase section */
		79F46EB823858EF70085271F /* Frameworks */ = {
			isa = PBXFrameworksBuildPhase;
			buildActionMask = 2147483647;
			files = (
			);
			runOnlyForDeploymentPostprocessing = 0;
		};
		79F46ED023858EF80085271F /* Frameworks */ = {
			isa = PBXFrameworksBuildPhase;
			buildActionMask = 2147483647;
			files = (
			);
			runOnlyForDeploymentPostprocessing = 0;
		};
/* End PBXFrameworksBuildPhase section */

/* Begin PBXGroup section */
		79F46EB223858EF70085271F = {
			isa = PBXGroup;
			children = (
				79F46EBD23858EF70085271F /* Hypnosister */,
				79F46ED623858EF80085271F /* HypnosisterUITests */,
				79F46EBC23858EF70085271F /* Products */,
			);
			sourceTree = "<group>";
		};
		79F46EBC23858EF70085271F /* Products */ = {
			isa = PBXGroup;
			children = (
				79F46EBB23858EF70085271F /* Hypnosister.app */,
				79F46ED323858EF80085271F /* HypnosisterUITests.xctest */,
			);
			name = Products;
			sourceTree = "<group>";
		};
		79F46EBD23858EF70085271F /* Hypnosister */ = {
			isa = PBXGroup;
			children = (
				79F46EBE23858EF70085271F /* AppDelegate.h */,
				79F46EBF23858EF70085271F /* AppDelegate.m */,
				79F46EC123858EF70085271F /* ViewController.h */,
				79F46EC223858EF70085271F /* ViewController.m */,
				79F46EC423858EF70085271F /* Main.storyboard */,
				79F46EC723858EF80085271F /* Assets.xcassets */,
				79F46EC923858EF80085271F /* LaunchScreen.storyboard */,
				79F46ECC23858EF80085271F /* Info.plist */,
				79F46ECD23858EF80085271F /* main.m */,
				79F46EE2238592100085271F /* BLHypnosisView.h */,
				79F46EE3238592100085271F /* BLHypnosisView.m */,
				7910D6E1238D7BED00FBD80C /* QuizViewController.h */,
				7910D6E2238D7BF200FBD80C /* QuizViewController.m */,
				7910D6E4238D7BF600FBD80C /* QuizViewController.xib */,
				7910D6DC238C35B600FBD80C /* BLReminderViewController.h */,
				7910D6DD238C35B600FBD80C /* BLReminderViewController.m */,
				7910D6DE238C35B600FBD80C /* BLReminderViewController.xib */,
			);
			path = Hypnosister;
			sourceTree = "<group>";
		};
		79F46ED623858EF80085271F /* HypnosisterUITests */ = {
			isa = PBXGroup;
			children = (
				79F46ED723858EF80085271F /* HypnosisterUITests.m */,
				79F46ED923858EF80085271F /* Info.plist */,
			);
			path = HypnosisterUITests;
			sourceTree = "<group>";
		};
/* End PBXGroup section */

/* Begin PBXNativeTarget section */
		79F46EBA23858EF70085271F /* Hypnosister */ = {
			isa = PBXNativeTarget;
			buildConfigurationList = 79F46EDC23858EF80085271F /* Build configuration list for PBXNativeTarget "Hypnosister" */;
			buildPhases = (
				79F46EB723858EF70085271F /* Sources */,
				79F46EB823858EF70085271F /* Frameworks */,
				79F46EB923858EF70085271F /* Resources */,
			);
			buildRules = (
			);
			dependencies = (
			);
			name = Hypnosister;
			productName = Hypnosister;
			productReference = 79F46EBB23858EF70085271F /* Hypnosister.app */;
			productType = "com.apple.product-type.application";
		};
		79F46ED223858EF80085271F /* HypnosisterUITests */ = {
			isa = PBXNativeTarget;
			buildConfigurationList = 79F46EDF23858EF80085271F /* Build configuration list for PBXNativeTarget "HypnosisterUITests" */;
			buildPhases = (
				79F46ECF23858EF80085271F /* Sources */,
				79F46ED023858EF80085271F /* Frameworks */,
				79F46ED123858EF80085271F /* Resources */,
			);
			buildRules = (
			);
			dependencies = (
				79F46ED523858EF80085271F /* PBXTargetDependency */,
			);
			name = HypnosisterUITests;
			productName = HypnosisterUITests;
			productReference = 79F46ED323858EF80085271F /* HypnosisterUITests.xctest */;
			productType = "com.apple.product-type.bundle.ui-testing";
		};
/* End PBXNativeTarget section */

/* Begin PBXProject section */
		79F46EB323858EF70085271F /* Project object */ = {
			isa = PBXProject;
			attributes = {
				CLASSPREFIX = BL;
				LastUpgradeCheck = 1030;
				ORGANIZATIONNAME = "Diego Sebastián Monteagudo Díaz";
				TargetAttributes = {
					79F46EBA23858EF70085271F = {
						CreatedOnToolsVersion = 10.3;
					};
					79F46ED223858EF80085271F = {
						CreatedOnToolsVersion = 10.3;
						TestTargetID = 79F46EBA23858EF70085271F;
					};
				};
			};
			buildConfigurationList = 79F46EB623858EF70085271F /* Build configuration list for PBXProject "Hypnosister" */;
			compatibilityVersion = "Xcode 9.3";
			developmentRegion = en;
			hasScannedForEncodings = 0;
			knownRegions = (
				en,
				Base,
			);
			mainGroup = 79F46EB223858EF70085271F;
			productRefGroup = 79F46EBC23858EF70085271F /* Products */;
			projectDirPath = "";
			projectRoot = "";
			targets = (
				79F46EBA23858EF70085271F /* Hypnosister */,
				79F46ED223858EF80085271F /* HypnosisterUITests */,
			);
		};
/* End PBXProject section */

/* Begin PBXResourcesBuildPhase section */
		79F46EB923858EF70085271F /* Resources */ = {
			isa = PBXResourcesBuildPhase;
			buildActionMask = 2147483647;
			files = (
				7910D6E5238D7BF600FBD80C /* QuizViewController.xib in Resources */,
				7910D6E0238C35B600FBD80C /* BLReminderViewController.xib in Resources */,
				79F46ECB23858EF80085271F /* LaunchScreen.storyboard in Resources */,
				79F46EC823858EF80085271F /* Assets.xcassets in Resources */,
				79F46EC623858EF70085271F /* Main.storyboard in Resources */,
			);
			runOnlyForDeploymentPostprocessing = 0;
		};
		79F46ED123858EF80085271F /* Resources */ = {
			isa = PBXResourcesBuildPhase;
			buildActionMask = 2147483647;
			files = (
			);
			runOnlyForDeploymentPostprocessing = 0;
		};
/* End PBXResourcesBuildPhase section */

/* Begin PBXSourcesBuildPhase section */
		79F46EB723858EF70085271F /* Sources */ = {
			isa = PBXSourcesBuildPhase;
			buildActionMask = 2147483647;
			files = (
				7910D6DF238C35B600FBD80C /* BLReminderViewController.m in Sources */,
				79F46EC323858EF70085271F /* ViewController.m in Sources */,
				79F46EE4238592100085271F /* BLHypnosisView.m in Sources */,
				79F46ECE23858EF80085271F /* main.m in Sources */,
				79F46EC023858EF70085271F /* AppDelegate.m in Sources */,
				7910D6E3238D7BF200FBD80C /* QuizViewController.m in Sources */,
			);
			runOnlyForDeploymentPostprocessing = 0;
		};
		79F46ECF23858EF80085271F /* Sources */ = {
			isa = PBXSourcesBuildPhase;
			buildActionMask = 2147483647;
			files = (
				79F46ED823858EF80085271F /* HypnosisterUITests.m in Sources */,
			);
			runOnlyForDeploymentPostprocessing = 0;
		};
/* End PBXSourcesBuildPhase section */

/* Begin PBXTargetDependency section */
		79F46ED523858EF80085271F /* PBXTargetDependency */ = {
			isa = PBXTargetDependency;
			target = 79F46EBA23858EF70085271F /* Hypnosister */;
			targetProxy = 79F46ED423858EF80085271F /* PBXContainerItemProxy */;
		};
/* End PBXTargetDependency section */

/* Begin PBXVariantGroup section */
		79F46EC423858EF70085271F /* Main.storyboard */ = {
			isa = PBXVariantGroup;
			children = (
				79F46EC523858EF70085271F /* Base */,
			);
			name = Main.storyboard;
			sourceTree = "<group>";
		};
		79F46EC923858EF80085271F /* LaunchScreen.storyboard */ = {
			isa = PBXVariantGroup;
			children = (
				79F46ECA23858EF80085271F /* Base */,
			);
			name = LaunchScreen.storyboard;
			sourceTree = "<group>";
		};
/* End PBXVariantGroup section */

/* Begin XCBuildConfiguration section */
		79F46EDA23858EF80085271F /* Debug */ = {
			isa = XCBuildConfiguration;
			buildSettings = {
				ALWAYS_SEARCH_USER_PATHS = NO;
				CLANG_ANALYZER_NONNULL = YES;
				CLANG_ANALYZER_NUMBER_OBJECT_CONVERSION = YES_AGGRESSIVE;
				CLANG_CXX_LANGUAGE_STANDARD = "gnu++14";
				CLANG_CXX_LIBRARY = "libc++";
				CLANG_ENABLE_MODULES = YES;
				CLANG_ENABLE_OBJC_ARC = YES;
				CLANG_ENABLE_OBJC_WEAK = YES;
				CLANG_WARN_BLOCK_CAPTURE_AUTORELEASING = YES;
				CLANG_WARN_BOOL_CONVERSION = YES;
				CLANG_WARN_COMMA = YES;
				CLANG_WARN_CONSTANT_CONVERSION = YES;
				CLANG_WARN_DEPRECATED_OBJC_IMPLEMENTATIONS = YES;
				CLANG_WARN_DIRECT_OBJC_ISA_USAGE = YES_ERROR;
				CLANG_WARN_DOCUMENTATION_COMMENTS = YES;
				CLANG_WARN_EMPTY_BODY = YES;
				CLANG_WARN_ENUM_CONVERSION = YES;
				CLANG_WARN_INFINITE_RECURSION = YES;
				CLANG_WARN_INT_CONVERSION = YES;
				CLANG_WARN_NON_LITERAL_NULL_CONVERSION = YES;
				CLANG_WARN_OBJC_IMPLICIT_RETAIN_SELF = YES;
				CLANG_WARN_OBJC_LITERAL_CONVERSION = YES;
				CLANG_WARN_OBJC_ROOT_CLASS = YES_ERROR;
				CLANG_WARN_RANGE_LOOP_ANALYSIS = YES;
				CLANG_WARN_STRICT_PROTOTYPES = YES;
				CLANG_WARN_SUSPICIOUS_MOVE = YES;
				CLANG_WARN_UNGUARDED_AVAILABILITY = YES_AGGRESSIVE;
				CLANG_WARN_UNREACHABLE_CODE = YES;
				CLANG_WARN__DUPLICATE_METHOD_MATCH = YES;
				CODE_SIGN_IDENTITY = "iPhone Developer";
				COPY_PHASE_STRIP = NO;
				DEBUG_INFORMATION_FORMAT = dwarf;
				ENABLE_STRICT_OBJC_MSGSEND = YES;
				ENABLE_TESTABILITY = YES;
				GCC_C_LANGUAGE_STANDARD = gnu11;
				GCC_DYNAMIC_NO_PIC = NO;
				GCC_NO_COMMON_BLOCKS = YES;
				GCC_OPTIMIZATION_LEVEL = 0;
				GCC_PREPROCESSOR_DEFINITIONS = (
					"DEBUG=1",
					"$(inherited)",
				);
				GCC_WARN_64_TO_32_BIT_CONVERSION = YES;
				GCC_WARN_ABOUT_RETURN_TYPE = YES_ERROR;
				GCC_WARN_UNDECLARED_SELECTOR = YES;
				GCC_WARN_UNINITIALIZED_AUTOS = YES_AGGRESSIVE;
				GCC_WARN_UNUSED_FUNCTION = YES;
				GCC_WARN_UNUSED_VARIABLE = YES;
				IPHONEOS_DEPLOYMENT_TARGET = 12.4;
				MTL_ENABLE_DEBUG_INFO = INCLUDE_SOURCE;
				MTL_FAST_MATH = YES;
				ONLY_ACTIVE_ARCH = YES;
				SDKROOT = iphoneos;
			};
			name = Debug;
		};
		79F46EDB23858EF80085271F /* Release */ = {
			isa = XCBuildConfiguration;
			buildSettings = {
				ALWAYS_SEARCH_USER_PATHS = NO;
				CLANG_ANALYZER_NONNULL = YES;
				CLANG_ANALYZER_NUMBER_OBJECT_CONVERSION = YES_AGGRESSIVE;
				CLANG_CXX_LANGUAGE_STANDARD = "gnu++14";
				CLANG_CXX_LIBRARY = "libc++";
				CLANG_ENABLE_MODULES = YES;
				CLANG_ENABLE_OBJC_ARC = YES;
				CLANG_ENABLE_OBJC_WEAK = YES;
				CLANG_WARN_BLOCK_CAPTURE_AUTORELEASING = YES;
				CLANG_WARN_BOOL_CONVERSION = YES;
				CLANG_WARN_COMMA = YES;
				CLANG_WARN_CONSTANT_CONVERSION = YES;
				CLANG_WARN_DEPRECATED_OBJC_IMPLEMENTATIONS = YES;
				CLANG_WARN_DIRECT_OBJC_ISA_USAGE = YES_ERROR;
				CLANG_WARN_DOCUMENTATION_COMMENTS = YES;
				CLANG_WARN_EMPTY_BODY = YES;
				CLANG_WARN_ENUM_CONVERSION = YES;
				CLANG_WARN_INFINITE_RECURSION = YES;
				CLANG_WARN_INT_CONVERSION = YES;
				CLANG_WARN_NON_LITERAL_NULL_CONVERSION = YES;
				CLANG_WARN_OBJC_IMPLICIT_RETAIN_SELF = YES;
				CLANG_WARN_OBJC_LITERAL_CONVERSION = YES;
				CLANG_WARN_OBJC_ROOT_CLASS = YES_ERROR;
				CLANG_WARN_RANGE_LOOP_ANALYSIS = YES;
				CLANG_WARN_STRICT_PROTOTYPES = YES;
				CLANG_WARN_SUSPICIOUS_MOVE = YES;
				CLANG_WARN_UNGUARDED_AVAILABILITY = YES_AGGRESSIVE;
				CLANG_WARN_UNREACHABLE_CODE = YES;
				CLANG_WARN__DUPLICATE_METHOD_MATCH = YES;
				CODE_SIGN_IDENTITY = "iPhone Developer";
				COPY_PHASE_STRIP = NO;
				DEBUG_INFORMATION_FORMAT = "dwarf-with-dsym";
				ENABLE_NS_ASSERTIONS = NO;
				ENABLE_STRICT_OBJC_MSGSEND = YES;
				GCC_C_LANGUAGE_STANDARD = gnu11;
				GCC_NO_COMMON_BLOCKS = YES;
				GCC_WARN_64_TO_32_BIT_CONVERSION = YES;
				GCC_WARN_ABOUT_RETURN_TYPE = YES_ERROR;
				GCC_WARN_UNDECLARED_SELECTOR = YES;
				GCC_WARN_UNINITIALIZED_AUTOS = YES_AGGRESSIVE;
				GCC_WARN_UNUSED_FUNCTION = YES;
				GCC_WARN_UNUSED_VARIABLE = YES;
				IPHONEOS_DEPLOYMENT_TARGET = 12.4;
				MTL_ENABLE_DEBUG_INFO = NO;
				MTL_FAST_MATH = YES;
				SDKROOT = iphoneos;
				VALIDATE_PRODUCT = YES;
			};
			name = Release;
		};
		79F46EDD23858EF80085271F /* Debug */ = {
			isa = XCBuildConfiguration;
			buildSettings = {
				ASSETCATALOG_COMPILER_APPICON_NAME = AppIcon;
				CODE_SIGN_STYLE = Automatic;
				INFOPLIST_FILE = Hypnosister/Info.plist;
				LD_RUNPATH_SEARCH_PATHS = (
					"$(inherited)",
					"@executable_path/Frameworks",
				);
				PRODUCT_BUNDLE_IDENTIFIER = NerdRanchBook.Hypnosister;
				PRODUCT_NAME = "$(TARGET_NAME)";
				TARGETED_DEVICE_FAMILY = "1,2";
			};
			name = Debug;
		};
		79F46EDE23858EF80085271F /* Release */ = {
			isa = XCBuildConfiguration;
			buildSettings = {
				ASSETCATALOG_COMPILER_APPICON_NAME = AppIcon;
				CODE_SIGN_STYLE = Automatic;
				INFOPLIST_FILE = Hypnosister/Info.plist;
				LD_RUNPATH_SEARCH_PATHS = (
					"$(inherited)",
					"@executable_path/Frameworks",
				);
				PRODUCT_BUNDLE_IDENTIFIER = NerdRanchBook.Hypnosister;
				PRODUCT_NAME = "$(TARGET_NAME)";
				TARGETED_DEVICE_FAMILY = "1,2";
			};
			name = Release;
		};
		79F46EE023858EF80085271F /* Debug */ = {
			isa = XCBuildConfiguration;
			buildSettings = {
				CODE_SIGN_STYLE = Automatic;
				INFOPLIST_FILE = HypnosisterUITests/Info.plist;
				LD_RUNPATH_SEARCH_PATHS = (
					"$(inherited)",
					"@executable_path/Frameworks",
					"@loader_path/Frameworks",
				);
				PRODUCT_BUNDLE_IDENTIFIER = NerdRanchBook.HypnosisterUITests;
				PRODUCT_NAME = "$(TARGET_NAME)";
				TARGETED_DEVICE_FAMILY = "1,2";
				TEST_TARGET_NAME = Hypnosister;
			};
			name = Debug;
		};
		79F46EE123858EF80085271F /* Release */ = {
			isa = XCBuildConfiguration;
			buildSettings = {
				CODE_SIGN_STYLE = Automatic;
				INFOPLIST_FILE = HypnosisterUITests/Info.plist;
				LD_RUNPATH_SEARCH_PATHS = (
					"$(inherited)",
					"@executable_path/Frameworks",
					"@loader_path/Frameworks",
				);
				PRODUCT_BUNDLE_IDENTIFIER = NerdRanchBook.HypnosisterUITests;
				PRODUCT_NAME = "$(TARGET_NAME)";
				TARGETED_DEVICE_FAMILY = "1,2";
				TEST_TARGET_NAME = Hypnosister;
			};
			name = Release;
		};
/* End XCBuildConfiguration section */

/* Begin XCConfigurationList section */
		79F46EB623858EF70085271F /* Build configuration list for PBXProject "Hypnosister" */ = {
			isa = XCConfigurationList;
			buildConfigurations = (
				79F46EDA23858EF80085271F /* Debug */,
				79F46EDB23858EF80085271F /* Release */,
			);
			defaultConfigurationIsVisible = 0;
			defaultConfigurationName = Release;
		};
		79F46EDC23858EF80085271F /* Build configuration list for PBXNativeTarget "Hypnosister" */ = {
			isa = XCConfigurationList;
			buildConfigurations = (
				79F46EDD23858EF80085271F /* Debug */,
				79F46EDE23858EF80085271F /* Release */,
			);
			defaultConfigurationIsVisible = 0;
			defaultConfigurationName = Release;
		};
		79F46EDF23858EF80085271F /* Build configuration list for PBXNativeTarget "HypnosisterUITests" */ = {
			isa = XCConfigurationList;
			buildConfigurations = (
				79F46EE023858EF80085271F /* Debug */,
				79F46EE123858EF80085271F /* Release */,
			);
			defaultConfigurationIsVisible = 0;
			defaultConfigurationName = Release;
		};
/* End XCConfigurationList section */
	};
	rootObject = 79F46EB323858EF70085271F /* Project object */;
}
